// !$*UTF8*$!
{
	archiveVersion = 1;
	classes = {
	};
	objectVersion = 55;
	objects = {

/* Begin PBXBuildFile section */
		B901C07A2799AEC70097D2EC /* AlertManager.swift in Sources */ = {isa = PBXBuildFile; fileRef = B901C0792799AEC70097D2EC /* AlertManager.swift */; };
		B91AC92A2791E95200510D89 /* CoreDataStack.swift in Sources */ = {isa = PBXBuildFile; fileRef = B91AC9292791E95200510D89 /* CoreDataStack.swift */; };
		B931F250276CD8B9003B175A /* UITextField + Extension.swift in Sources */ = {isa = PBXBuildFile; fileRef = B931F24F276CD8B9003B175A /* UITextField + Extension.swift */; };
		B931F254276CF83A003B175A /* BTNActions.swift in Sources */ = {isa = PBXBuildFile; fileRef = B931F253276CF83A003B175A /* BTNActions.swift */; };
		B9469C3A2794AD5600CA6B8A /* CoreDataManager.swift in Sources */ = {isa = PBXBuildFile; fileRef = B9469C392794AD5600CA6B8A /* CoreDataManager.swift */; };
		B9469C3D2794AFD200CA6B8A /* FavoritesViewController.swift in Sources */ = {isa = PBXBuildFile; fileRef = B9469C3C2794AFD200CA6B8A /* FavoritesViewController.swift */; };
		B9649C8327A1C77300AE01D7 /* AlamofireTest.swift in Sources */ = {isa = PBXBuildFile; fileRef = B97C275D279D6F35004C5CC1 /* AlamofireTest.swift */; };
		B9649C8527A1C78600AE01D7 /* TestCoreDataStack.swift in Sources */ = {isa = PBXBuildFile; fileRef = B9649C8427A1C78600AE01D7 /* TestCoreDataStack.swift */; };
		B9649C8727A1C7EB00AE01D7 /* RecipeFavoritesTests.swift in Sources */ = {isa = PBXBuildFile; fileRef = B9649C8627A1C7EB00AE01D7 /* RecipeFavoritesTests.swift */; };
		B96CA260275A265900E552D7 /* AppDelegate.swift in Sources */ = {isa = PBXBuildFile; fileRef = B96CA25F275A265900E552D7 /* AppDelegate.swift */; };
		B96CA262275A265900E552D7 /* SceneDelegate.swift in Sources */ = {isa = PBXBuildFile; fileRef = B96CA261275A265900E552D7 /* SceneDelegate.swift */; };
		B96CA26A275A265900E552D7 /* Reciplease.xcdatamodeld in Sources */ = {isa = PBXBuildFile; fileRef = B96CA268275A265900E552D7 /* Reciplease.xcdatamodeld */; };
		B96CA26C275A265900E552D7 /* Assets.xcassets in Resources */ = {isa = PBXBuildFile; fileRef = B96CA26B275A265900E552D7 /* Assets.xcassets */; };
		B96CA26F275A265900E552D7 /* LaunchScreen.storyboard in Resources */ = {isa = PBXBuildFile; fileRef = B96CA26D275A265900E552D7 /* LaunchScreen.storyboard */; };
		B96CA27A275A265A00E552D7 /* RecipleaseTests.swift in Sources */ = {isa = PBXBuildFile; fileRef = B96CA279275A265A00E552D7 /* RecipleaseTests.swift */; };
		B96CA284275A265A00E552D7 /* RecipleaseUITests.swift in Sources */ = {isa = PBXBuildFile; fileRef = B96CA283275A265A00E552D7 /* RecipleaseUITests.swift */; };
		B96CA286275A265A00E552D7 /* RecipleaseUITestsLaunchTests.swift in Sources */ = {isa = PBXBuildFile; fileRef = B96CA285275A265A00E552D7 /* RecipleaseUITestsLaunchTests.swift */; };
		B96CA293275A2AF700E552D7 /* Lemon.otf in Resources */ = {isa = PBXBuildFile; fileRef = B96CA292275A2AF700E552D7 /* Lemon.otf */; };
		B97631D5278356E700016E35 /* Constants.swift in Sources */ = {isa = PBXBuildFile; fileRef = B97631D4278356E700016E35 /* Constants.swift */; };
		B97631D727835A2100016E35 /* EdamamApiService.swift in Sources */ = {isa = PBXBuildFile; fileRef = B97631D627835A2100016E35 /* EdamamApiService.swift */; };
		B978EB442769ECE9008E00A8 /* RecipeDetailsVC.swift in Sources */ = {isa = PBXBuildFile; fileRef = B978EB432769ECE9008E00A8 /* RecipeDetailsVC.swift */; };
		B97D17F0278762DE00F1F091 /* RecipesJSON.json in Resources */ = {isa = PBXBuildFile; fileRef = B97D17EF278762DE00F1F091 /* RecipesJSON.json */; };
		B97EAA6C2779AF5600BAF7A8 /* UIView + Extension.swift in Sources */ = {isa = PBXBuildFile; fileRef = B97EAA6B2779AF5600BAF7A8 /* UIView + Extension.swift */; };
		B983737C279EF4B600445C94 /* Tool.swift in Sources */ = {isa = PBXBuildFile; fileRef = B983737B279EF4B600445C94 /* Tool.swift */; };
		B99091CB27907F3A00297DF4 /* RecipeFavorites.swift in Sources */ = {isa = PBXBuildFile; fileRef = B99091CA27907F3A00297DF4 /* RecipeFavorites.swift */; };
		B9A1DD4E2788534100D17151 /* SecretApiKey.swift in Sources */ = {isa = PBXBuildFile; fileRef = B9A1DD4D2788534100D17151 /* SecretApiKey.swift */; };
		B9A1DD50278884C700D17151 /* ApiErrorManager.swift in Sources */ = {isa = PBXBuildFile; fileRef = B9A1DD4F278884C700D17151 /* ApiErrorManager.swift */; };
		B9AEAB252773300D00B75D49 /* RecipeDetailsMainView.swift in Sources */ = {isa = PBXBuildFile; fileRef = B9AEAB242773300D00B75D49 /* RecipeDetailsMainView.swift */; };
		B9AEAB2727736E8800B75D49 /* UIImageView + Extension.swift in Sources */ = {isa = PBXBuildFile; fileRef = B9AEAB2627736E8800B75D49 /* UIImageView + Extension.swift */; };
		B9AED1D12768E00C00E80985 /* TabBarController.swift in Sources */ = {isa = PBXBuildFile; fileRef = B9AED1D02768E00C00E80985 /* TabBarController.swift */; };
		B9AED1D32768E40900E80985 /* WelcomeMainView.swift in Sources */ = {isa = PBXBuildFile; fileRef = B9AED1D22768E40900E80985 /* WelcomeMainView.swift */; };
		B9AED1D72768E51000E80985 /* RecipesListViewController.swift in Sources */ = {isa = PBXBuildFile; fileRef = B9AED1D62768E51000E80985 /* RecipesListViewController.swift */; };
		B9AED1D92768E52700E80985 /* SearchingVC.swift in Sources */ = {isa = PBXBuildFile; fileRef = B9AED1D82768E52700E80985 /* SearchingVC.swift */; };
		B9AED1DD27690C2B00E80985 /* RecipesMainView.swift in Sources */ = {isa = PBXBuildFile; fileRef = B9AED1DC27690C2B00E80985 /* RecipesMainView.swift */; };
		B9AED1DF276911B900E80985 /* RecipeCell.swift in Sources */ = {isa = PBXBuildFile; fileRef = B9AED1DE276911B900E80985 /* RecipeCell.swift */; };
		B9C27A3F276F7DF10009BD92 /* SearchMainView.swift in Sources */ = {isa = PBXBuildFile; fileRef = B9C27A3E276F7DF10009BD92 /* SearchMainView.swift */; };
		B9C27A41276F7F730009BD92 /* Styles.swift in Sources */ = {isa = PBXBuildFile; fileRef = B9C27A40276F7F730009BD92 /* Styles.swift */; };
		B9D4B1422787606D0079A909 /* RecipesResult.swift in Sources */ = {isa = PBXBuildFile; fileRef = B9D4B1412787606D0079A909 /* RecipesResult.swift */; };
		B9EBD26B276B79800065BB2A /* CoreOnboarding.swift in Sources */ = {isa = PBXBuildFile; fileRef = B9EBD26A276B79800065BB2A /* CoreOnboarding.swift */; };
		B9F099612774C35100DED4F0 /* RecipeWebView .swift in Sources */ = {isa = PBXBuildFile; fileRef = B9F099602774C35100DED4F0 /* RecipeWebView .swift */; };
		B9F099632774C37500DED4F0 /* RecipeWebPageVC.swift in Sources */ = {isa = PBXBuildFile; fileRef = B9F099622774C37500DED4F0 /* RecipeWebPageVC.swift */; };
		B9F834832767815C008A29E7 /* Alamofire in Frameworks */ = {isa = PBXBuildFile; productRef = B9F834822767815C008A29E7 /* Alamofire */; };
		B9F834852767818E008A29E7 /* WelcomeViewController.swift in Sources */ = {isa = PBXBuildFile; fileRef = B9F834842767818E008A29E7 /* WelcomeViewController.swift */; };
/* End PBXBuildFile section */

/* Begin PBXContainerItemProxy section */
		B96CA276275A265A00E552D7 /* PBXContainerItemProxy */ = {
			isa = PBXContainerItemProxy;
			containerPortal = B96CA254275A265900E552D7 /* Project object */;
			proxyType = 1;
			remoteGlobalIDString = B96CA25B275A265900E552D7;
			remoteInfo = Reciplease;
		};
		B96CA280275A265A00E552D7 /* PBXContainerItemProxy */ = {
			isa = PBXContainerItemProxy;
			containerPortal = B96CA254275A265900E552D7 /* Project object */;
			proxyType = 1;
			remoteGlobalIDString = B96CA25B275A265900E552D7;
			remoteInfo = Reciplease;
		};
/* End PBXContainerItemProxy section */

/* Begin PBXFileReference section */
		B901C0792799AEC70097D2EC /* AlertManager.swift */ = {isa = PBXFileReference; lastKnownFileType = sourcecode.swift; path = AlertManager.swift; sourceTree = "<group>"; };
		B91AC9292791E95200510D89 /* CoreDataStack.swift */ = {isa = PBXFileReference; lastKnownFileType = sourcecode.swift; path = CoreDataStack.swift; sourceTree = "<group>"; };
		B931F24F276CD8B9003B175A /* UITextField + Extension.swift */ = {isa = PBXFileReference; lastKnownFileType = sourcecode.swift; path = "UITextField + Extension.swift"; sourceTree = "<group>"; };
		B931F253276CF83A003B175A /* BTNActions.swift */ = {isa = PBXFileReference; lastKnownFileType = sourcecode.swift; path = BTNActions.swift; sourceTree = "<group>"; };
		B9469C392794AD5600CA6B8A /* CoreDataManager.swift */ = {isa = PBXFileReference; lastKnownFileType = sourcecode.swift; path = CoreDataManager.swift; sourceTree = "<group>"; };
		B9469C3C2794AFD200CA6B8A /* FavoritesViewController.swift */ = {isa = PBXFileReference; lastKnownFileType = sourcecode.swift; path = FavoritesViewController.swift; sourceTree = "<group>"; };
		B9649C8427A1C78600AE01D7 /* TestCoreDataStack.swift */ = {isa = PBXFileReference; lastKnownFileType = sourcecode.swift; path = TestCoreDataStack.swift; sourceTree = "<group>"; };
		B9649C8627A1C7EB00AE01D7 /* RecipeFavoritesTests.swift */ = {isa = PBXFileReference; lastKnownFileType = sourcecode.swift; path = RecipeFavoritesTests.swift; sourceTree = "<group>"; };
		B96CA25C275A265900E552D7 /* Reciplease.app */ = {isa = PBXFileReference; explicitFileType = wrapper.application; includeInIndex = 0; path = Reciplease.app; sourceTree = BUILT_PRODUCTS_DIR; };
		B96CA25F275A265900E552D7 /* AppDelegate.swift */ = {isa = PBXFileReference; lastKnownFileType = sourcecode.swift; path = AppDelegate.swift; sourceTree = "<group>"; };
		B96CA261275A265900E552D7 /* SceneDelegate.swift */ = {isa = PBXFileReference; lastKnownFileType = sourcecode.swift; path = SceneDelegate.swift; sourceTree = "<group>"; };
		B96CA269275A265900E552D7 /* Reciplease.xcdatamodel */ = {isa = PBXFileReference; lastKnownFileType = wrapper.xcdatamodel; path = Reciplease.xcdatamodel; sourceTree = "<group>"; };
		B96CA26B275A265900E552D7 /* Assets.xcassets */ = {isa = PBXFileReference; lastKnownFileType = folder.assetcatalog; path = Assets.xcassets; sourceTree = "<group>"; };
		B96CA26E275A265900E552D7 /* Base */ = {isa = PBXFileReference; lastKnownFileType = file.storyboard; name = Base; path = Base.lproj/LaunchScreen.storyboard; sourceTree = "<group>"; };
		B96CA270275A265900E552D7 /* Info.plist */ = {isa = PBXFileReference; lastKnownFileType = text.plist.xml; path = Info.plist; sourceTree = "<group>"; };
		B96CA275275A265A00E552D7 /* RecipleaseTests.xctest */ = {isa = PBXFileReference; explicitFileType = wrapper.cfbundle; includeInIndex = 0; path = RecipleaseTests.xctest; sourceTree = BUILT_PRODUCTS_DIR; };
		B96CA279275A265A00E552D7 /* RecipleaseTests.swift */ = {isa = PBXFileReference; lastKnownFileType = sourcecode.swift; path = RecipleaseTests.swift; sourceTree = "<group>"; };
		B96CA27F275A265A00E552D7 /* RecipleaseUITests.xctest */ = {isa = PBXFileReference; explicitFileType = wrapper.cfbundle; includeInIndex = 0; path = RecipleaseUITests.xctest; sourceTree = BUILT_PRODUCTS_DIR; };
		B96CA283275A265A00E552D7 /* RecipleaseUITests.swift */ = {isa = PBXFileReference; lastKnownFileType = sourcecode.swift; path = RecipleaseUITests.swift; sourceTree = "<group>"; };
		B96CA285275A265A00E552D7 /* RecipleaseUITestsLaunchTests.swift */ = {isa = PBXFileReference; lastKnownFileType = sourcecode.swift; path = RecipleaseUITestsLaunchTests.swift; sourceTree = "<group>"; };
		B96CA292275A2AF700E552D7 /* Lemon.otf */ = {isa = PBXFileReference; lastKnownFileType = file; path = Lemon.otf; sourceTree = "<group>"; };
		B97631D4278356E700016E35 /* Constants.swift */ = {isa = PBXFileReference; lastKnownFileType = sourcecode.swift; path = Constants.swift; sourceTree = "<group>"; };
		B97631D627835A2100016E35 /* EdamamApiService.swift */ = {isa = PBXFileReference; lastKnownFileType = sourcecode.swift; path = EdamamApiService.swift; sourceTree = "<group>"; };
		B978EB432769ECE9008E00A8 /* RecipeDetailsVC.swift */ = {isa = PBXFileReference; lastKnownFileType = sourcecode.swift; path = RecipeDetailsVC.swift; sourceTree = "<group>"; };
		B97C275D279D6F35004C5CC1 /* AlamofireTest.swift */ = {isa = PBXFileReference; lastKnownFileType = sourcecode.swift; path = AlamofireTest.swift; sourceTree = "<group>"; };
		B97D17EF278762DE00F1F091 /* RecipesJSON.json */ = {isa = PBXFileReference; lastKnownFileType = text.json; path = RecipesJSON.json; sourceTree = "<group>"; };
		B97EAA6B2779AF5600BAF7A8 /* UIView + Extension.swift */ = {isa = PBXFileReference; lastKnownFileType = sourcecode.swift; path = "UIView + Extension.swift"; sourceTree = "<group>"; };
		B983737B279EF4B600445C94 /* Tool.swift */ = {isa = PBXFileReference; lastKnownFileType = sourcecode.swift; path = Tool.swift; sourceTree = "<group>"; };
		B99091CA27907F3A00297DF4 /* RecipeFavorites.swift */ = {isa = PBXFileReference; lastKnownFileType = sourcecode.swift; path = RecipeFavorites.swift; sourceTree = "<group>"; };
		B9A1DD4D2788534100D17151 /* SecretApiKey.swift */ = {isa = PBXFileReference; lastKnownFileType = sourcecode.swift; path = SecretApiKey.swift; sourceTree = "<group>"; };
		B9A1DD4F278884C700D17151 /* ApiErrorManager.swift */ = {isa = PBXFileReference; lastKnownFileType = sourcecode.swift; path = ApiErrorManager.swift; sourceTree = "<group>"; };
		B9AEAB242773300D00B75D49 /* RecipeDetailsMainView.swift */ = {isa = PBXFileReference; lastKnownFileType = sourcecode.swift; path = RecipeDetailsMainView.swift; sourceTree = "<group>"; };
		B9AEAB2627736E8800B75D49 /* UIImageView + Extension.swift */ = {isa = PBXFileReference; lastKnownFileType = sourcecode.swift; path = "UIImageView + Extension.swift"; sourceTree = "<group>"; };
		B9AED1D02768E00C00E80985 /* TabBarController.swift */ = {isa = PBXFileReference; lastKnownFileType = sourcecode.swift; path = TabBarController.swift; sourceTree = "<group>"; };
		B9AED1D22768E40900E80985 /* WelcomeMainView.swift */ = {isa = PBXFileReference; lastKnownFileType = sourcecode.swift; path = WelcomeMainView.swift; sourceTree = "<group>"; };
		B9AED1D62768E51000E80985 /* RecipesListViewController.swift */ = {isa = PBXFileReference; lastKnownFileType = sourcecode.swift; path = RecipesListViewController.swift; sourceTree = "<group>"; };
		B9AED1D82768E52700E80985 /* SearchingVC.swift */ = {isa = PBXFileReference; lastKnownFileType = sourcecode.swift; path = SearchingVC.swift; sourceTree = "<group>"; };
		B9AED1DC27690C2B00E80985 /* RecipesMainView.swift */ = {isa = PBXFileReference; lastKnownFileType = sourcecode.swift; path = RecipesMainView.swift; sourceTree = "<group>"; };
		B9AED1DE276911B900E80985 /* RecipeCell.swift */ = {isa = PBXFileReference; lastKnownFileType = sourcecode.swift; path = RecipeCell.swift; sourceTree = "<group>"; };
		B9C27A3E276F7DF10009BD92 /* SearchMainView.swift */ = {isa = PBXFileReference; lastKnownFileType = sourcecode.swift; path = SearchMainView.swift; sourceTree = "<group>"; };
		B9C27A40276F7F730009BD92 /* Styles.swift */ = {isa = PBXFileReference; lastKnownFileType = sourcecode.swift; path = Styles.swift; sourceTree = "<group>"; };
		B9D4B1412787606D0079A909 /* RecipesResult.swift */ = {isa = PBXFileReference; lastKnownFileType = sourcecode.swift; path = RecipesResult.swift; sourceTree = "<group>"; };
		B9EBD26A276B79800065BB2A /* CoreOnboarding.swift */ = {isa = PBXFileReference; lastKnownFileType = sourcecode.swift; path = CoreOnboarding.swift; sourceTree = "<group>"; };
		B9F099602774C35100DED4F0 /* RecipeWebView .swift */ = {isa = PBXFileReference; lastKnownFileType = sourcecode.swift; path = "RecipeWebView .swift"; sourceTree = "<group>"; };
		B9F099622774C37500DED4F0 /* RecipeWebPageVC.swift */ = {isa = PBXFileReference; lastKnownFileType = sourcecode.swift; path = RecipeWebPageVC.swift; sourceTree = "<group>"; };
		B9F834842767818E008A29E7 /* WelcomeViewController.swift */ = {isa = PBXFileReference; lastKnownFileType = sourcecode.swift; path = WelcomeViewController.swift; sourceTree = "<group>"; };
/* End PBXFileReference section */

/* Begin PBXFrameworksBuildPhase section */
		B96CA259275A265900E552D7 /* Frameworks */ = {
			isa = PBXFrameworksBuildPhase;
			buildActionMask = 2147483647;
			files = (
				B9F834832767815C008A29E7 /* Alamofire in Frameworks */,
			);
			runOnlyForDeploymentPostprocessing = 0;
		};
		B96CA272275A265A00E552D7 /* Frameworks */ = {
			isa = PBXFrameworksBuildPhase;
			buildActionMask = 2147483647;
			files = (
			);
			runOnlyForDeploymentPostprocessing = 0;
		};
		B96CA27C275A265A00E552D7 /* Frameworks */ = {
			isa = PBXFrameworksBuildPhase;
			buildActionMask = 2147483647;
			files = (
			);
			runOnlyForDeploymentPostprocessing = 0;
		};
/* End PBXFrameworksBuildPhase section */

/* Begin PBXGroup section */
		B931F24E276CD897003B175A /* Extensions */ = {
			isa = PBXGroup;
			children = (
				B9C27A40276F7F730009BD92 /* Styles.swift */,
				B931F24F276CD8B9003B175A /* UITextField + Extension.swift */,
				B9AEAB2627736E8800B75D49 /* UIImageView + Extension.swift */,
				B97EAA6B2779AF5600BAF7A8 /* UIView + Extension.swift */,
			);
			path = Extensions;
			sourceTree = "<group>";
		};
		B9469C3B2794AE2700CA6B8A /* Cell */ = {
			isa = PBXGroup;
			children = (
				B9AED1DE276911B900E80985 /* RecipeCell.swift */,
			);
			path = Cell;
			sourceTree = "<group>";
		};
		B94753662771EE03009E850A /* Onboarding */ = {
			isa = PBXGroup;
			children = (
				B9EBD26A276B79800065BB2A /* CoreOnboarding.swift */,
			);
			path = Onboarding;
			sourceTree = "<group>";
		};
		B9649C8127A1C75200AE01D7 /* AlamofireTests */ = {
			isa = PBXGroup;
			children = (
				B97C275D279D6F35004C5CC1 /* AlamofireTest.swift */,
				B97D17EF278762DE00F1F091 /* RecipesJSON.json */,
			);
			path = AlamofireTests;
			sourceTree = "<group>";
		};
		B9649C8227A1C75F00AE01D7 /* CoreDataTests */ = {
			isa = PBXGroup;
			children = (
				B9649C8427A1C78600AE01D7 /* TestCoreDataStack.swift */,
				B9649C8627A1C7EB00AE01D7 /* RecipeFavoritesTests.swift */,
			);
			path = CoreDataTests;
			sourceTree = "<group>";
		};
		B96CA253275A265900E552D7 = {
			isa = PBXGroup;
			children = (
				B96CA25E275A265900E552D7 /* Reciplease */,
				B96CA278275A265A00E552D7 /* RecipleaseTests */,
				B96CA282275A265A00E552D7 /* RecipleaseUITests */,
				B96CA25D275A265900E552D7 /* Products */,
			);
			sourceTree = "<group>";
		};
		B96CA25D275A265900E552D7 /* Products */ = {
			isa = PBXGroup;
			children = (
				B96CA25C275A265900E552D7 /* Reciplease.app */,
				B96CA275275A265A00E552D7 /* RecipleaseTests.xctest */,
				B96CA27F275A265A00E552D7 /* RecipleaseUITests.xctest */,
			);
			name = Products;
			sourceTree = "<group>";
		};
		B96CA25E275A265900E552D7 /* Reciplease */ = {
			isa = PBXGroup;
			children = (
				B9F83489276781B9008A29E7 /* Support Files */,
				B9F834862767819E008A29E7 /* Model */,
				B9F83487276781A4008A29E7 /* View */,
				B9F83488276781AA008A29E7 /* Controller */,
				B96CA270275A265900E552D7 /* Info.plist */,
			);
			path = Reciplease;
			sourceTree = "<group>";
		};
		B96CA278275A265A00E552D7 /* RecipleaseTests */ = {
			isa = PBXGroup;
			children = (
				B96CA279275A265A00E552D7 /* RecipleaseTests.swift */,
				B9649C8227A1C75F00AE01D7 /* CoreDataTests */,
				B9649C8127A1C75200AE01D7 /* AlamofireTests */,
			);
			path = RecipleaseTests;
			sourceTree = "<group>";
		};
		B96CA282275A265A00E552D7 /* RecipleaseUITests */ = {
			isa = PBXGroup;
			children = (
				B96CA283275A265A00E552D7 /* RecipleaseUITests.swift */,
				B96CA285275A265A00E552D7 /* RecipleaseUITestsLaunchTests.swift */,
			);
			path = RecipleaseUITests;
			sourceTree = "<group>";
		};
		B9F834862767819E008A29E7 /* Model */ = {
			isa = PBXGroup;
			children = (
				B9F919C0278F2DC800D96B33 /* CoreData */,
				B931F253276CF83A003B175A /* BTNActions.swift */,
				B983737B279EF4B600445C94 /* Tool.swift */,
				B97631D4278356E700016E35 /* Constants.swift */,
				B901C0792799AEC70097D2EC /* AlertManager.swift */,
				B94753662771EE03009E850A /* Onboarding */,
				B9F8348B276781D9008A29E7 /* Secret */,
				B9F8348A276781CE008A29E7 /* Network */,
			);
			path = Model;
			sourceTree = "<group>";
		};
		B9F83487276781A4008A29E7 /* View */ = {
			isa = PBXGroup;
			children = (
				B9469C3B2794AE2700CA6B8A /* Cell */,
				B9AED1D22768E40900E80985 /* WelcomeMainView.swift */,
				B9C27A3E276F7DF10009BD92 /* SearchMainView.swift */,
				B9AED1DC27690C2B00E80985 /* RecipesMainView.swift */,
				B9AEAB242773300D00B75D49 /* RecipeDetailsMainView.swift */,
				B9F099602774C35100DED4F0 /* RecipeWebView .swift */,
			);
			path = View;
			sourceTree = "<group>";
		};
		B9F83488276781AA008A29E7 /* Controller */ = {
			isa = PBXGroup;
			children = (
				B9F834842767818E008A29E7 /* WelcomeViewController.swift */,
				B9AED1D02768E00C00E80985 /* TabBarController.swift */,
				B9AED1D82768E52700E80985 /* SearchingVC.swift */,
				B9AED1D62768E51000E80985 /* RecipesListViewController.swift */,
				B9469C3C2794AFD200CA6B8A /* FavoritesViewController.swift */,
				B978EB432769ECE9008E00A8 /* RecipeDetailsVC.swift */,
				B9F099622774C37500DED4F0 /* RecipeWebPageVC.swift */,
				B931F24E276CD897003B175A /* Extensions */,
			);
			path = Controller;
			sourceTree = "<group>";
		};
		B9F83489276781B9008A29E7 /* Support Files */ = {
			isa = PBXGroup;
			children = (
				B96CA26B275A265900E552D7 /* Assets.xcassets */,
				B96CA25F275A265900E552D7 /* AppDelegate.swift */,
				B96CA261275A265900E552D7 /* SceneDelegate.swift */,
				B96CA292275A2AF700E552D7 /* Lemon.otf */,
				B96CA26D275A265900E552D7 /* LaunchScreen.storyboard */,
			);
			path = "Support Files";
			sourceTree = "<group>";
		};
		B9F8348A276781CE008A29E7 /* Network */ = {
			isa = PBXGroup;
			children = (
				B9D4B1412787606D0079A909 /* RecipesResult.swift */,
				B97631D627835A2100016E35 /* EdamamApiService.swift */,
				B9A1DD4F278884C700D17151 /* ApiErrorManager.swift */,
			);
			path = Network;
			sourceTree = "<group>";
		};
		B9F8348B276781D9008A29E7 /* Secret */ = {
			isa = PBXGroup;
			children = (
				B9A1DD4D2788534100D17151 /* SecretApiKey.swift */,
			);
			path = Secret;
			sourceTree = "<group>";
		};
		B9F919C0278F2DC800D96B33 /* CoreData */ = {
			isa = PBXGroup;
			children = (
				B96CA268275A265900E552D7 /* Reciplease.xcdatamodeld */,
				B99091CA27907F3A00297DF4 /* RecipeFavorites.swift */,
				B91AC9292791E95200510D89 /* CoreDataStack.swift */,
				B9469C392794AD5600CA6B8A /* CoreDataManager.swift */,
			);
			path = CoreData;
			sourceTree = "<group>";
		};
/* End PBXGroup section */

/* Begin PBXNativeTarget section */
		B96CA25B275A265900E552D7 /* Reciplease */ = {
			isa = PBXNativeTarget;
			buildConfigurationList = B96CA289275A265A00E552D7 /* Build configuration list for PBXNativeTarget "Reciplease" */;
			buildPhases = (
				B96CA258275A265900E552D7 /* Sources */,
				B96CA259275A265900E552D7 /* Frameworks */,
				B96CA25A275A265900E552D7 /* Resources */,
			);
			buildRules = (
			);
			dependencies = (
			);
			name = Reciplease;
			packageProductDependencies = (
				B9F834822767815C008A29E7 /* Alamofire */,
			);
			productName = Reciplease;
			productReference = B96CA25C275A265900E552D7 /* Reciplease.app */;
			productType = "com.apple.product-type.application";
		};
		B96CA274275A265A00E552D7 /* RecipleaseTests */ = {
			isa = PBXNativeTarget;
			buildConfigurationList = B96CA28C275A265A00E552D7 /* Build configuration list for PBXNativeTarget "RecipleaseTests" */;
			buildPhases = (
				B96CA271275A265A00E552D7 /* Sources */,
				B96CA272275A265A00E552D7 /* Frameworks */,
				B96CA273275A265A00E552D7 /* Resources */,
			);
			buildRules = (
			);
			dependencies = (
				B96CA277275A265A00E552D7 /* PBXTargetDependency */,
			);
			name = RecipleaseTests;
			productName = RecipleaseTests;
			productReference = B96CA275275A265A00E552D7 /* RecipleaseTests.xctest */;
			productType = "com.apple.product-type.bundle.unit-test";
		};
		B96CA27E275A265A00E552D7 /* RecipleaseUITests */ = {
			isa = PBXNativeTarget;
			buildConfigurationList = B96CA28F275A265A00E552D7 /* Build configuration list for PBXNativeTarget "RecipleaseUITests" */;
			buildPhases = (
				B96CA27B275A265A00E552D7 /* Sources */,
				B96CA27C275A265A00E552D7 /* Frameworks */,
				B96CA27D275A265A00E552D7 /* Resources */,
			);
			buildRules = (
			);
			dependencies = (
				B96CA281275A265A00E552D7 /* PBXTargetDependency */,
			);
			name = RecipleaseUITests;
			productName = RecipleaseUITests;
			productReference = B96CA27F275A265A00E552D7 /* RecipleaseUITests.xctest */;
			productType = "com.apple.product-type.bundle.ui-testing";
		};
/* End PBXNativeTarget section */

/* Begin PBXProject section */
		B96CA254275A265900E552D7 /* Project object */ = {
			isa = PBXProject;
			attributes = {
				BuildIndependentTargetsInParallel = 1;
				LastSwiftUpdateCheck = 1300;
				LastUpgradeCheck = 1300;
				TargetAttributes = {
					B96CA25B275A265900E552D7 = {
						CreatedOnToolsVersion = 13.0;
					};
					B96CA274275A265A00E552D7 = {
						CreatedOnToolsVersion = 13.0;
						TestTargetID = B96CA25B275A265900E552D7;
					};
					B96CA27E275A265A00E552D7 = {
						CreatedOnToolsVersion = 13.0;
						TestTargetID = B96CA25B275A265900E552D7;
					};
				};
			};
			buildConfigurationList = B96CA257275A265900E552D7 /* Build configuration list for PBXProject "Reciplease" */;
			compatibilityVersion = "Xcode 13.0";
			developmentRegion = en;
			hasScannedForEncodings = 0;
			knownRegions = (
				en,
				Base,
			);
			mainGroup = B96CA253275A265900E552D7;
			packageReferences = (
				B9F834812767815C008A29E7 /* XCRemoteSwiftPackageReference "Alamofire" */,
			);
			productRefGroup = B96CA25D275A265900E552D7 /* Products */;
			projectDirPath = "";
			projectRoot = "";
			targets = (
				B96CA25B275A265900E552D7 /* Reciplease */,
				B96CA274275A265A00E552D7 /* RecipleaseTests */,
				B96CA27E275A265A00E552D7 /* RecipleaseUITests */,
			);
		};
/* End PBXProject section */

/* Begin PBXResourcesBuildPhase section */
		B96CA25A275A265900E552D7 /* Resources */ = {
			isa = PBXResourcesBuildPhase;
			buildActionMask = 2147483647;
			files = (
				B97D17F0278762DE00F1F091 /* RecipesJSON.json in Resources */,
				B96CA26F275A265900E552D7 /* LaunchScreen.storyboard in Resources */,
				B96CA26C275A265900E552D7 /* Assets.xcassets in Resources */,
				B96CA293275A2AF700E552D7 /* Lemon.otf in Resources */,
			);
			runOnlyForDeploymentPostprocessing = 0;
		};
		B96CA273275A265A00E552D7 /* Resources */ = {
			isa = PBXResourcesBuildPhase;
			buildActionMask = 2147483647;
			files = (
			);
			runOnlyForDeploymentPostprocessing = 0;
		};
		B96CA27D275A265A00E552D7 /* Resources */ = {
			isa = PBXResourcesBuildPhase;
			buildActionMask = 2147483647;
			files = (
			);
			runOnlyForDeploymentPostprocessing = 0;
		};
/* End PBXResourcesBuildPhase section */

/* Begin PBXSourcesBuildPhase section */
		B96CA258275A265900E552D7 /* Sources */ = {
			isa = PBXSourcesBuildPhase;
			buildActionMask = 2147483647;
			files = (
				B901C07A2799AEC70097D2EC /* AlertManager.swift in Sources */,
				B96CA26A275A265900E552D7 /* Reciplease.xcdatamodeld in Sources */,
				B96CA260275A265900E552D7 /* AppDelegate.swift in Sources */,
				B983737C279EF4B600445C94 /* Tool.swift in Sources */,
				B91AC92A2791E95200510D89 /* CoreDataStack.swift in Sources */,
				B9AED1D72768E51000E80985 /* RecipesListViewController.swift in Sources */,
				B931F250276CD8B9003B175A /* UITextField + Extension.swift in Sources */,
				B97EAA6C2779AF5600BAF7A8 /* UIView + Extension.swift in Sources */,
				B9AEAB2727736E8800B75D49 /* UIImageView + Extension.swift in Sources */,
				B97631D5278356E700016E35 /* Constants.swift in Sources */,
				B9A1DD50278884C700D17151 /* ApiErrorManager.swift in Sources */,
				B9EBD26B276B79800065BB2A /* CoreOnboarding.swift in Sources */,
				B9469C3D2794AFD200CA6B8A /* FavoritesViewController.swift in Sources */,
				B9AEAB252773300D00B75D49 /* RecipeDetailsMainView.swift in Sources */,
				B9469C3A2794AD5600CA6B8A /* CoreDataManager.swift in Sources */,
				B9F099632774C37500DED4F0 /* RecipeWebPageVC.swift in Sources */,
				B9D4B1422787606D0079A909 /* RecipesResult.swift in Sources */,
				B9C27A3F276F7DF10009BD92 /* SearchMainView.swift in Sources */,
				B9AED1D92768E52700E80985 /* SearchingVC.swift in Sources */,
				B9649C8327A1C77300AE01D7 /* AlamofireTest.swift in Sources */,
				B96CA262275A265900E552D7 /* SceneDelegate.swift in Sources */,
				B931F254276CF83A003B175A /* BTNActions.swift in Sources */,
				B9AED1D12768E00C00E80985 /* TabBarController.swift in Sources */,
				B9F099612774C35100DED4F0 /* RecipeWebView .swift in Sources */,
				B99091CB27907F3A00297DF4 /* RecipeFavorites.swift in Sources */,
				B978EB442769ECE9008E00A8 /* RecipeDetailsVC.swift in Sources */,
				B9A1DD4E2788534100D17151 /* SecretApiKey.swift in Sources */,
				B97631D727835A2100016E35 /* EdamamApiService.swift in Sources */,
				B9C27A41276F7F730009BD92 /* Styles.swift in Sources */,
				B9F834852767818E008A29E7 /* WelcomeViewController.swift in Sources */,
				B9AED1DF276911B900E80985 /* RecipeCell.swift in Sources */,
				B9AED1D32768E40900E80985 /* WelcomeMainView.swift in Sources */,
				B9AED1DD27690C2B00E80985 /* RecipesMainView.swift in Sources */,
			);
			runOnlyForDeploymentPostprocessing = 0;
		};
		B96CA271275A265A00E552D7 /* Sources */ = {
			isa = PBXSourcesBuildPhase;
			buildActionMask = 2147483647;
			files = (
				B9649C8727A1C7EB00AE01D7 /* RecipeFavoritesTests.swift in Sources */,
				B96CA27A275A265A00E552D7 /* RecipleaseTests.swift in Sources */,
				B9649C8527A1C78600AE01D7 /* TestCoreDataStack.swift in Sources */,
			);
			runOnlyForDeploymentPostprocessing = 0;
		};
		B96CA27B275A265A00E552D7 /* Sources */ = {
			isa = PBXSourcesBuildPhase;
			buildActionMask = 2147483647;
			files = (
				B96CA284275A265A00E552D7 /* RecipleaseUITests.swift in Sources */,
				B96CA286275A265A00E552D7 /* RecipleaseUITestsLaunchTests.swift in Sources */,
			);
			runOnlyForDeploymentPostprocessing = 0;
		};
/* End PBXSourcesBuildPhase section */

/* Begin PBXTargetDependency section */
		B96CA277275A265A00E552D7 /* PBXTargetDependency */ = {
			isa = PBXTargetDependency;
			target = B96CA25B275A265900E552D7 /* Reciplease */;
			targetProxy = B96CA276275A265A00E552D7 /* PBXContainerItemProxy */;
		};
		B96CA281275A265A00E552D7 /* PBXTargetDependency */ = {
			isa = PBXTargetDependency;
			target = B96CA25B275A265900E552D7 /* Reciplease */;
			targetProxy = B96CA280275A265A00E552D7 /* PBXContainerItemProxy */;
		};
/* End PBXTargetDependency section */

/* Begin PBXVariantGroup section */
		B96CA26D275A265900E552D7 /* LaunchScreen.storyboard */ = {
			isa = PBXVariantGroup;
			children = (
				B96CA26E275A265900E552D7 /* Base */,
			);
			name = LaunchScreen.storyboard;
			sourceTree = "<group>";
		};
/* End PBXVariantGroup section */

/* Begin XCBuildConfiguration section */
		B96CA287275A265A00E552D7 /* Debug */ = {
			isa = XCBuildConfiguration;
			buildSettings = {
				ALWAYS_SEARCH_USER_PATHS = NO;
				CLANG_ANALYZER_NONNULL = YES;
				CLANG_ANALYZER_NUMBER_OBJECT_CONVERSION = YES_AGGRESSIVE;
				CLANG_CXX_LANGUAGE_STANDARD = "gnu++17";
				CLANG_CXX_LIBRARY = "libc++";
				CLANG_ENABLE_MODULES = YES;
				CLANG_ENABLE_OBJC_ARC = YES;
				CLANG_ENABLE_OBJC_WEAK = YES;
				CLANG_WARN_BLOCK_CAPTURE_AUTORELEASING = YES;
				CLANG_WARN_BOOL_CONVERSION = YES;
				CLANG_WARN_COMMA = YES;
				CLANG_WARN_CONSTANT_CONVERSION = YES;
				CLANG_WARN_DEPRECATED_OBJC_IMPLEMENTATIONS = YES;
				CLANG_WARN_DIRECT_OBJC_ISA_USAGE = YES_ERROR;
				CLANG_WARN_DOCUMENTATION_COMMENTS = YES;
				CLANG_WARN_EMPTY_BODY = YES;
				CLANG_WARN_ENUM_CONVERSION = YES;
				CLANG_WARN_INFINITE_RECURSION = YES;
				CLANG_WARN_INT_CONVERSION = YES;
				CLANG_WARN_NON_LITERAL_NULL_CONVERSION = YES;
				CLANG_WARN_OBJC_IMPLICIT_RETAIN_SELF = YES;
				CLANG_WARN_OBJC_LITERAL_CONVERSION = YES;
				CLANG_WARN_OBJC_ROOT_CLASS = YES_ERROR;
				CLANG_WARN_QUOTED_INCLUDE_IN_FRAMEWORK_HEADER = YES;
				CLANG_WARN_RANGE_LOOP_ANALYSIS = YES;
				CLANG_WARN_STRICT_PROTOTYPES = YES;
				CLANG_WARN_SUSPICIOUS_MOVE = YES;
				CLANG_WARN_UNGUARDED_AVAILABILITY = YES_AGGRESSIVE;
				CLANG_WARN_UNREACHABLE_CODE = YES;
				CLANG_WARN__DUPLICATE_METHOD_MATCH = YES;
				COPY_PHASE_STRIP = NO;
				DEBUG_INFORMATION_FORMAT = dwarf;
				ENABLE_STRICT_OBJC_MSGSEND = YES;
				ENABLE_TESTABILITY = YES;
				GCC_C_LANGUAGE_STANDARD = gnu11;
				GCC_DYNAMIC_NO_PIC = NO;
				GCC_NO_COMMON_BLOCKS = YES;
				GCC_OPTIMIZATION_LEVEL = 0;
				GCC_PREPROCESSOR_DEFINITIONS = (
					"DEBUG=1",
					"$(inherited)",
				);
				GCC_WARN_64_TO_32_BIT_CONVERSION = YES;
				GCC_WARN_ABOUT_RETURN_TYPE = YES_ERROR;
				GCC_WARN_UNDECLARED_SELECTOR = YES;
				GCC_WARN_UNINITIALIZED_AUTOS = YES_AGGRESSIVE;
				GCC_WARN_UNUSED_FUNCTION = YES;
				GCC_WARN_UNUSED_VARIABLE = YES;
				IPHONEOS_DEPLOYMENT_TARGET = 15.0;
				MTL_ENABLE_DEBUG_INFO = INCLUDE_SOURCE;
				MTL_FAST_MATH = YES;
				ONLY_ACTIVE_ARCH = YES;
				SDKROOT = iphoneos;
				SWIFT_ACTIVE_COMPILATION_CONDITIONS = DEBUG;
				SWIFT_OPTIMIZATION_LEVEL = "-Onone";
			};
			name = Debug;
		};
		B96CA288275A265A00E552D7 /* Release */ = {
			isa = XCBuildConfiguration;
			buildSettings = {
				ALWAYS_SEARCH_USER_PATHS = NO;
				CLANG_ANALYZER_NONNULL = YES;
				CLANG_ANALYZER_NUMBER_OBJECT_CONVERSION = YES_AGGRESSIVE;
				CLANG_CXX_LANGUAGE_STANDARD = "gnu++17";
				CLANG_CXX_LIBRARY = "libc++";
				CLANG_ENABLE_MODULES = YES;
				CLANG_ENABLE_OBJC_ARC = YES;
				CLANG_ENABLE_OBJC_WEAK = YES;
				CLANG_WARN_BLOCK_CAPTURE_AUTORELEASING = YES;
				CLANG_WARN_BOOL_CONVERSION = YES;
				CLANG_WARN_COMMA = YES;
				CLANG_WARN_CONSTANT_CONVERSION = YES;
				CLANG_WARN_DEPRECATED_OBJC_IMPLEMENTATIONS = YES;
				CLANG_WARN_DIRECT_OBJC_ISA_USAGE = YES_ERROR;
				CLANG_WARN_DOCUMENTATION_COMMENTS = YES;
				CLANG_WARN_EMPTY_BODY = YES;
				CLANG_WARN_ENUM_CONVERSION = YES;
				CLANG_WARN_INFINITE_RECURSION = YES;
				CLANG_WARN_INT_CONVERSION = YES;
				CLANG_WARN_NON_LITERAL_NULL_CONVERSION = YES;
				CLANG_WARN_OBJC_IMPLICIT_RETAIN_SELF = YES;
				CLANG_WARN_OBJC_LITERAL_CONVERSION = YES;
				CLANG_WARN_OBJC_ROOT_CLASS = YES_ERROR;
				CLANG_WARN_QUOTED_INCLUDE_IN_FRAMEWORK_HEADER = YES;
				CLANG_WARN_RANGE_LOOP_ANALYSIS = YES;
				CLANG_WARN_STRICT_PROTOTYPES = YES;
				CLANG_WARN_SUSPICIOUS_MOVE = YES;
				CLANG_WARN_UNGUARDED_AVAILABILITY = YES_AGGRESSIVE;
				CLANG_WARN_UNREACHABLE_CODE = YES;
				CLANG_WARN__DUPLICATE_METHOD_MATCH = YES;
				COPY_PHASE_STRIP = NO;
				DEBUG_INFORMATION_FORMAT = "dwarf-with-dsym";
				ENABLE_NS_ASSERTIONS = NO;
				ENABLE_STRICT_OBJC_MSGSEND = YES;
				GCC_C_LANGUAGE_STANDARD = gnu11;
				GCC_NO_COMMON_BLOCKS = YES;
				GCC_WARN_64_TO_32_BIT_CONVERSION = YES;
				GCC_WARN_ABOUT_RETURN_TYPE = YES_ERROR;
				GCC_WARN_UNDECLARED_SELECTOR = YES;
				GCC_WARN_UNINITIALIZED_AUTOS = YES_AGGRESSIVE;
				GCC_WARN_UNUSED_FUNCTION = YES;
				GCC_WARN_UNUSED_VARIABLE = YES;
				IPHONEOS_DEPLOYMENT_TARGET = 15.0;
				MTL_ENABLE_DEBUG_INFO = NO;
				MTL_FAST_MATH = YES;
				SDKROOT = iphoneos;
				SWIFT_COMPILATION_MODE = wholemodule;
				SWIFT_OPTIMIZATION_LEVEL = "-O";
				VALIDATE_PRODUCT = YES;
			};
			name = Release;
		};
		B96CA28A275A265A00E552D7 /* Debug */ = {
			isa = XCBuildConfiguration;
			buildSettings = {
				ASSETCATALOG_COMPILER_APPICON_NAME = AppIcon;
				ASSETCATALOG_COMPILER_GLOBAL_ACCENT_COLOR_NAME = AccentColor;
				CODE_SIGN_STYLE = Automatic;
				CURRENT_PROJECT_VERSION = 1;
				DEVELOPMENT_TEAM = BP4DYC4UP8;
				GENERATE_INFOPLIST_FILE = YES;
				INFOPLIST_FILE = Reciplease/Info.plist;
				INFOPLIST_KEY_UIApplicationSupportsIndirectInputEvents = YES;
				INFOPLIST_KEY_UILaunchStoryboardName = LaunchScreen;
				INFOPLIST_KEY_UISupportedInterfaceOrientations_iPad = "UIInterfaceOrientationPortrait UIInterfaceOrientationPortraitUpsideDown UIInterfaceOrientationLandscapeLeft UIInterfaceOrientationLandscapeRight";
				INFOPLIST_KEY_UISupportedInterfaceOrientations_iPhone = "UIInterfaceOrientationPortrait UIInterfaceOrientationLandscapeLeft UIInterfaceOrientationLandscapeRight";
				LD_RUNPATH_SEARCH_PATHS = (
					"$(inherited)",
					"@executable_path/Frameworks",
				);
				MARKETING_VERSION = 1.0;
				PRODUCT_BUNDLE_IDENTIFIER = com.keltoumBLK.Reciplease;
				PRODUCT_NAME = "$(TARGET_NAME)";
				SWIFT_EMIT_LOC_STRINGS = YES;
				SWIFT_VERSION = 5.0;
				TARGETED_DEVICE_FAMILY = 1;
			};
			name = Debug;
		};
		B96CA28B275A265A00E552D7 /* Release */ = {
			isa = XCBuildConfiguration;
			buildSettings = {
				ASSETCATALOG_COMPILER_APPICON_NAME = AppIcon;
				ASSETCATALOG_COMPILER_GLOBAL_ACCENT_COLOR_NAME = AccentColor;
				CODE_SIGN_STYLE = Automatic;
				CURRENT_PROJECT_VERSION = 1;
				DEVELOPMENT_TEAM = BP4DYC4UP8;
				GENERATE_INFOPLIST_FILE = YES;
				INFOPLIST_FILE = Reciplease/Info.plist;
				INFOPLIST_KEY_UIApplicationSupportsIndirectInputEvents = YES;
				INFOPLIST_KEY_UILaunchStoryboardName = LaunchScreen;
				INFOPLIST_KEY_UISupportedInterfaceOrientations_iPad = "UIInterfaceOrientationPortrait UIInterfaceOrientationPortraitUpsideDown UIInterfaceOrientationLandscapeLeft UIInterfaceOrientationLandscapeRight";
				INFOPLIST_KEY_UISupportedInterfaceOrientations_iPhone = "UIInterfaceOrientationPortrait UIInterfaceOrientationLandscapeLeft UIInterfaceOrientationLandscapeRight";
				LD_RUNPATH_SEARCH_PATHS = (
					"$(inherited)",
					"@executable_path/Frameworks",
				);
				MARKETING_VERSION = 1.0;
				PRODUCT_BUNDLE_IDENTIFIER = com.keltoumBLK.Reciplease;
				PRODUCT_NAME = "$(TARGET_NAME)";
				SWIFT_EMIT_LOC_STRINGS = YES;
				SWIFT_VERSION = 5.0;
				TARGETED_DEVICE_FAMILY = 1;
			};
			name = Release;
		};
		B96CA28D275A265A00E552D7 /* Debug */ = {
			isa = XCBuildConfiguration;
			buildSettings = {
				ALWAYS_EMBED_SWIFT_STANDARD_LIBRARIES = YES;
				BUNDLE_LOADER = "$(TEST_HOST)";
				CODE_SIGN_STYLE = Automatic;
				CURRENT_PROJECT_VERSION = 1;
				DEVELOPMENT_TEAM = BP4DYC4UP8;
				GENERATE_INFOPLIST_FILE = YES;
				IPHONEOS_DEPLOYMENT_TARGET = 15.0;
				LD_RUNPATH_SEARCH_PATHS = (
					"$(inherited)",
					"@executable_path/Frameworks",
					"@loader_path/Frameworks",
				);
				MARKETING_VERSION = 1.0;
				PRODUCT_BUNDLE_IDENTIFIER = com.keltoumBLK.RecipleaseTests;
				PRODUCT_NAME = "$(TARGET_NAME)";
				SWIFT_EMIT_LOC_STRINGS = NO;
				SWIFT_VERSION = 5.0;
				TARGETED_DEVICE_FAMILY = "1,2";
				TEST_HOST = "$(BUILT_PRODUCTS_DIR)/Reciplease.app/Reciplease";
			};
			name = Debug;
		};
		B96CA28E275A265A00E552D7 /* Release */ = {
			isa = XCBuildConfiguration;
			buildSettings = {
				ALWAYS_EMBED_SWIFT_STANDARD_LIBRARIES = YES;
				BUNDLE_LOADER = "$(TEST_HOST)";
				CODE_SIGN_STYLE = Automatic;
				CURRENT_PROJECT_VERSION = 1;
				DEVELOPMENT_TEAM = BP4DYC4UP8;
				GENERATE_INFOPLIST_FILE = YES;
				IPHONEOS_DEPLOYMENT_TARGET = 15.0;
				LD_RUNPATH_SEARCH_PATHS = (
					"$(inherited)",
					"@executable_path/Frameworks",
					"@loader_path/Frameworks",
				);
				MARKETING_VERSION = 1.0;
				PRODUCT_BUNDLE_IDENTIFIER = com.keltoumBLK.RecipleaseTests;
				PRODUCT_NAME = "$(TARGET_NAME)";
				SWIFT_EMIT_LOC_STRINGS = NO;
				SWIFT_VERSION = 5.0;
				TARGETED_DEVICE_FAMILY = "1,2";
				TEST_HOST = "$(BUILT_PRODUCTS_DIR)/Reciplease.app/Reciplease";
			};
			name = Release;
		};
		B96CA290275A265A00E552D7 /* Debug */ = {
			isa = XCBuildConfiguration;
			buildSettings = {
				ALWAYS_EMBED_SWIFT_STANDARD_LIBRARIES = YES;
				CODE_SIGN_STYLE = Automatic;
				CURRENT_PROJECT_VERSION = 1;
				DEVELOPMENT_TEAM = BP4DYC4UP8;
				GENERATE_INFOPLIST_FILE = YES;
				LD_RUNPATH_SEARCH_PATHS = (
					"$(inherited)",
					"@executable_path/Frameworks",
					"@loader_path/Frameworks",
				);
				MARKETING_VERSION = 1.0;
				PRODUCT_BUNDLE_IDENTIFIER = com.keltoumBLK.RecipleaseUITests;
				PRODUCT_NAME = "$(TARGET_NAME)";
				SWIFT_EMIT_LOC_STRINGS = NO;
				SWIFT_VERSION = 5.0;
				TARGETED_DEVICE_FAMILY = "1,2";
				TEST_TARGET_NAME = Reciplease;
			};
			name = Debug;
		};
		B96CA291275A265A00E552D7 /* Release */ = {
			isa = XCBuildConfiguration;
			buildSettings = {
				ALWAYS_EMBED_SWIFT_STANDARD_LIBRARIES = YES;
				CODE_SIGN_STYLE = Automatic;
				CURRENT_PROJECT_VERSION = 1;
				DEVELOPMENT_TEAM = BP4DYC4UP8;
				GENERATE_INFOPLIST_FILE = YES;
				LD_RUNPATH_SEARCH_PATHS = (
					"$(inherited)",
					"@executable_path/Frameworks",
					"@loader_path/Frameworks",
				);
				MARKETING_VERSION = 1.0;
				PRODUCT_BUNDLE_IDENTIFIER = com.keltoumBLK.RecipleaseUITests;
				PRODUCT_NAME = "$(TARGET_NAME)";
				SWIFT_EMIT_LOC_STRINGS = NO;
				SWIFT_VERSION = 5.0;
				TARGETED_DEVICE_FAMILY = "1,2";
				TEST_TARGET_NAME = Reciplease;
			};
			name = Release;
		};
/* End XCBuildConfiguration section */

/* Begin XCConfigurationList section */
		B96CA257275A265900E552D7 /* Build configuration list for PBXProject "Reciplease" */ = {
			isa = XCConfigurationList;
			buildConfigurations = (
				B96CA287275A265A00E552D7 /* Debug */,
				B96CA288275A265A00E552D7 /* Release */,
			);
			defaultConfigurationIsVisible = 0;
			defaultConfigurationName = Release;
		};
		B96CA289275A265A00E552D7 /* Build configuration list for PBXNativeTarget "Reciplease" */ = {
			isa = XCConfigurationList;
			buildConfigurations = (
				B96CA28A275A265A00E552D7 /* Debug */,
				B96CA28B275A265A00E552D7 /* Release */,
			);
			defaultConfigurationIsVisible = 0;
			defaultConfigurationName = Release;
		};
		B96CA28C275A265A00E552D7 /* Build configuration list for PBXNativeTarget "RecipleaseTests" */ = {
			isa = XCConfigurationList;
			buildConfigurations = (
				B96CA28D275A265A00E552D7 /* Debug */,
				B96CA28E275A265A00E552D7 /* Release */,
			);
			defaultConfigurationIsVisible = 0;
			defaultConfigurationName = Release;
		};
		B96CA28F275A265A00E552D7 /* Build configuration list for PBXNativeTarget "RecipleaseUITests" */ = {
			isa = XCConfigurationList;
			buildConfigurations = (
				B96CA290275A265A00E552D7 /* Debug */,
				B96CA291275A265A00E552D7 /* Release */,
			);
			defaultConfigurationIsVisible = 0;
			defaultConfigurationName = Release;
		};
/* End XCConfigurationList section */

/* Begin XCRemoteSwiftPackageReference section */
		B9F834812767815C008A29E7 /* XCRemoteSwiftPackageReference "Alamofire" */ = {
			isa = XCRemoteSwiftPackageReference;
			repositoryURL = "https://github.com/Alamofire/Alamofire.git";
			requirement = {
				branch = master;
				kind = branch;
			};
		};
/* End XCRemoteSwiftPackageReference section */

/* Begin XCSwiftPackageProductDependency section */
		B9F834822767815C008A29E7 /* Alamofire */ = {
			isa = XCSwiftPackageProductDependency;
			package = B9F834812767815C008A29E7 /* XCRemoteSwiftPackageReference "Alamofire" */;
			productName = Alamofire;
		};
/* End XCSwiftPackageProductDependency section */

/* Begin XCVersionGroup section */
		B96CA268275A265900E552D7 /* Reciplease.xcdatamodeld */ = {
			isa = XCVersionGroup;
			children = (
				B96CA269275A265900E552D7 /* Reciplease.xcdatamodel */,
			);
			currentVersion = B96CA269275A265900E552D7 /* Reciplease.xcdatamodel */;
			path = Reciplease.xcdatamodeld;
			sourceTree = "<group>";
			versionGroupType = wrapper.xcdatamodel;
		};
/* End XCVersionGroup section */
	};
	rootObject = B96CA254275A265900E552D7 /* Project object */;
}
